
Microsoft Visual Studio Solution File, Format Version 12.00
# Visual Studio Version 16
VisualStudioVersion = 16.0.31624.102
MinimumVisualStudioVersion = 10.0.40219.1
Project("{9A19103F-16F7-4668-BE54-9A1E7A4F7556}") = "Mdule4HW3_Db", "Mdule4HW3_Db\Mdule4HW3_Db.csproj", "{B8A5A413-3BC7-4D1E-8C59-CD5636B26233}"
EndProject
Project("{FAE04EC0-301F-11D3-BF4B-00C04F79EFBC}") = "MySolution.DataAccess", "DataAccess\MySolution.DataAccess.csproj", "{21C6A3F2-BD81-4570-AA6D-F8C461819A5E}"
EndProject
Global
	GlobalSection(SolutionConfigurationPlatforms) = preSolution
		Debug|Any CPU = Debug|Any CPU
		Release|Any CPU = Release|Any CPU
	EndGlobalSection
	GlobalSection(ProjectConfigurationPlatforms) = postSolution
		{B8A5A413-3BC7-4D1E-8C59-CD5636B26233}.Debug|Any CPU.ActiveCfg = Debug|Any CPU
		{B8A5A413-3BC7-4D1E-8C59-CD5636B26233}.Debug|Any CPU.Build.0 = Debug|Any CPU
		{B8A5A413-3BC7-4D1E-8C59-CD5636B26233}.Release|Any CPU.ActiveCfg = Release|Any CPU
		{B8A5A413-3BC7-4D1E-8C59-CD5636B26233}.Release|Any CPU.Build.0 = Release|Any CPU
		{21C6A3F2-BD81-4570-AA6D-F8C461819A5E}.Debug|Any CPU.ActiveCfg = Debug|Any CPU
		{21C6A3F2-BD81-4570-AA6D-F8C461819A5E}.Debug|Any CPU.Build.0 = Debug|Any CPU
		{21C6A3F2-BD81-4570-AA6D-F8C461819A5E}.Release|Any CPU.ActiveCfg = Release|Any CPU
		{21C6A3F2-BD81-4570-AA6D-F8C461819A5E}.Release|Any CPU.Build.0 = Release|Any CPU
	EndGlobalSection
	GlobalSection(SolutionProperties) = preSolution
		HideSolutionNode = FALSE
	EndGlobalSection
	GlobalSection(ExtensibilityGlobals) = postSolution
		SolutionGuid = {6B94D62E-862F-427E-9689-DC99F79CA8CB}
	EndGlobalSection
EndGlobal
